
Microsoft Visual Studio Solution File, Format Version 12.00
# Visual Studio Version 17
VisualStudioVersion = 17.5.33516.290
MinimumVisualStudioVersion = 10.0.40219.1
Project("{FAE04EC0-301F-11D3-BF4B-00C04F79EFBC}") = "FinderAnother", "FinderAnother\FinderAnother.csproj", "{6B6BF53F-2DBE-407F-81B1-ABA5EF4613FF}"
EndProject
Global
	GlobalSection(SolutionConfigurationPlatforms) = preSolution
		Debug|Any CPU = Debug|Any CPU
		Release|Any CPU = Release|Any CPU
	EndGlobalSection
	GlobalSection(ProjectConfigurationPlatforms) = postSolution
		{6B6BF53F-2DBE-407F-81B1-ABA5EF4613FF}.Debug|Any CPU.ActiveCfg = Debug|Any CPU
		{6B6BF53F-2DBE-407F-81B1-ABA5EF4613FF}.Debug|Any CPU.Build.0 = Debug|Any CPU
		{6B6BF53F-2DBE-407F-81B1-ABA5EF4613FF}.Release|Any CPU.ActiveCfg = Release|Any CPU
		{6B6BF53F-2DBE-407F-81B1-ABA5EF4613FF}.Release|Any CPU.Build.0 = Release|Any CPU
	EndGlobalSection
	GlobalSection(SolutionProperties) = preSolution
		HideSolutionNode = FALSE
	EndGlobalSection
	GlobalSection(ExtensibilityGlobals) = postSolution
		SolutionGuid = {974D35AB-7983-4781-BAC7-C8F253C038C8}
	EndGlobalSection
EndGlobal
